
Microsoft Visual Studio Solution File, Format Version 12.00
# Visual Studio Version 16
VisualStudioVersion = 16.0.31105.61
MinimumVisualStudioVersion = 10.0.40219.1
Project("{FAE04EC0-301F-11D3-BF4B-00C04F79EFBC}") = "RoA.Memory", "RoA.Memory\RoA.Memory.csproj", "{998A7F71-47A0-4A7C-8A12-98B98028E1AF}"
EndProject
Project("{FAE04EC0-301F-11D3-BF4B-00C04F79EFBC}") = "RoA.Logic", "RoA.Logic\RoA.Logic.csproj", "{51A75B2A-EAF2-432A-9283-084C5016CEBF}"
EndProject
Project("{FAE04EC0-301F-11D3-BF4B-00C04F79EFBC}") = "RoA.RockerUI", "RoA.RockerUI\RoA.RockerUI.csproj", "{AE3F7589-D98D-49F2-8512-260822CB1538}"
EndProject
Project("{FAE04EC0-301F-11D3-BF4B-00C04F79EFBC}") = "RoA.Screen", "RoA.Screen\RoA.Screen.csproj", "{2DF4BDC4-4C91-4B15-8828-F1A425F5F9B2}"
EndProject
Project("{FAE04EC0-301F-11D3-BF4B-00C04F79EFBC}") = "RoA.ScreenTest", "RoA.ScreenTest\RoA.ScreenTest.csproj", "{BFC72B63-0151-48F3-BEE5-781F718A5D60}"
EndProject
Project("{FAE04EC0-301F-11D3-BF4B-00C04F79EFBC}") = "RoA.Points", "RoA.Points\RoA.Points.csproj", "{F7AA9F49-48CF-4821-8FB3-DBEB9C8A3AD0}"
EndProject
Project("{FAE04EC0-301F-11D3-BF4B-00C04F79EFBC}") = "RoA.ScreenUI", "RoA.ScreenUI\RoA.ScreenUI.csproj", "{A927DE95-ABFA-4ECA-B117-576704E6B98C}"
EndProject
Global
	GlobalSection(SolutionConfigurationPlatforms) = preSolution
		Debug|Any CPU = Debug|Any CPU
		Debug|x86 = Debug|x86
		Release|Any CPU = Release|Any CPU
		Release|x86 = Release|x86
	EndGlobalSection
	GlobalSection(ProjectConfigurationPlatforms) = postSolution
		{998A7F71-47A0-4A7C-8A12-98B98028E1AF}.Debug|Any CPU.ActiveCfg = Debug|Any CPU
		{998A7F71-47A0-4A7C-8A12-98B98028E1AF}.Debug|Any CPU.Build.0 = Debug|Any CPU
		{998A7F71-47A0-4A7C-8A12-98B98028E1AF}.Debug|x86.ActiveCfg = Debug|Any CPU
		{998A7F71-47A0-4A7C-8A12-98B98028E1AF}.Debug|x86.Build.0 = Debug|Any CPU
		{998A7F71-47A0-4A7C-8A12-98B98028E1AF}.Release|Any CPU.ActiveCfg = Release|Any CPU
		{998A7F71-47A0-4A7C-8A12-98B98028E1AF}.Release|Any CPU.Build.0 = Release|Any CPU
		{998A7F71-47A0-4A7C-8A12-98B98028E1AF}.Release|x86.ActiveCfg = Release|Any CPU
		{998A7F71-47A0-4A7C-8A12-98B98028E1AF}.Release|x86.Build.0 = Release|Any CPU
		{51A75B2A-EAF2-432A-9283-084C5016CEBF}.Debug|Any CPU.ActiveCfg = Debug|Any CPU
		{51A75B2A-EAF2-432A-9283-084C5016CEBF}.Debug|Any CPU.Build.0 = Debug|Any CPU
		{51A75B2A-EAF2-432A-9283-084C5016CEBF}.Debug|x86.ActiveCfg = Debug|Any CPU
		{51A75B2A-EAF2-432A-9283-084C5016CEBF}.Debug|x86.Build.0 = Debug|Any CPU
		{51A75B2A-EAF2-432A-9283-084C5016CEBF}.Release|Any CPU.ActiveCfg = Release|Any CPU
		{51A75B2A-EAF2-432A-9283-084C5016CEBF}.Release|Any CPU.Build.0 = Release|Any CPU
		{51A75B2A-EAF2-432A-9283-084C5016CEBF}.Release|x86.ActiveCfg = Release|Any CPU
		{51A75B2A-EAF2-432A-9283-084C5016CEBF}.Release|x86.Build.0 = Release|Any CPU
		{AE3F7589-D98D-49F2-8512-260822CB1538}.Debug|Any CPU.ActiveCfg = Debug|Any CPU
		{AE3F7589-D98D-49F2-8512-260822CB1538}.Debug|Any CPU.Build.0 = Debug|Any CPU
		{AE3F7589-D98D-49F2-8512-260822CB1538}.Debug|x86.ActiveCfg = Debug|Any CPU
		{AE3F7589-D98D-49F2-8512-260822CB1538}.Debug|x86.Build.0 = Debug|Any CPU
		{AE3F7589-D98D-49F2-8512-260822CB1538}.Release|Any CPU.ActiveCfg = Release|Any CPU
		{AE3F7589-D98D-49F2-8512-260822CB1538}.Release|Any CPU.Build.0 = Release|Any CPU
		{AE3F7589-D98D-49F2-8512-260822CB1538}.Release|x86.ActiveCfg = Release|Any CPU
		{AE3F7589-D98D-49F2-8512-260822CB1538}.Release|x86.Build.0 = Release|Any CPU
		{2DF4BDC4-4C91-4B15-8828-F1A425F5F9B2}.Debug|Any CPU.ActiveCfg = Debug|Any CPU
		{2DF4BDC4-4C91-4B15-8828-F1A425F5F9B2}.Debug|Any CPU.Build.0 = Debug|Any CPU
		{2DF4BDC4-4C91-4B15-8828-F1A425F5F9B2}.Debug|x86.ActiveCfg = Debug|Any CPU
		{2DF4BDC4-4C91-4B15-8828-F1A425F5F9B2}.Debug|x86.Build.0 = Debug|Any CPU
		{2DF4BDC4-4C91-4B15-8828-F1A425F5F9B2}.Release|Any CPU.ActiveCfg = Release|Any CPU
		{2DF4BDC4-4C91-4B15-8828-F1A425F5F9B2}.Release|Any CPU.Build.0 = Release|Any CPU
		{2DF4BDC4-4C91-4B15-8828-F1A425F5F9B2}.Release|x86.ActiveCfg = Release|Any CPU
		{2DF4BDC4-4C91-4B15-8828-F1A425F5F9B2}.Release|x86.Build.0 = Release|Any CPU
		{BFC72B63-0151-48F3-BEE5-781F718A5D60}.Debug|Any CPU.ActiveCfg = Debug|Any CPU
		{BFC72B63-0151-48F3-BEE5-781F718A5D60}.Debug|Any CPU.Build.0 = Debug|Any CPU
		{BFC72B63-0151-48F3-BEE5-781F718A5D60}.Debug|x86.ActiveCfg = Debug|Any CPU
		{BFC72B63-0151-48F3-BEE5-781F718A5D60}.Debug|x86.Build.0 = Debug|Any CPU
		{BFC72B63-0151-48F3-BEE5-781F718A5D60}.Release|Any CPU.ActiveCfg = Release|Any CPU
		{BFC72B63-0151-48F3-BEE5-781F718A5D60}.Release|Any CPU.Build.0 = Release|Any CPU
		{BFC72B63-0151-48F3-BEE5-781F718A5D60}.Release|x86.ActiveCfg = Release|Any CPU
		{BFC72B63-0151-48F3-BEE5-781F718A5D60}.Release|x86.Build.0 = Release|Any CPU
		{F7AA9F49-48CF-4821-8FB3-DBEB9C8A3AD0}.Debug|Any CPU.ActiveCfg = Debug|Any CPU
		{F7AA9F49-48CF-4821-8FB3-DBEB9C8A3AD0}.Debug|Any CPU.Build.0 = Debug|Any CPU
		{F7AA9F49-48CF-4821-8FB3-DBEB9C8A3AD0}.Debug|x86.ActiveCfg = Debug|Any CPU
		{F7AA9F49-48CF-4821-8FB3-DBEB9C8A3AD0}.Debug|x86.Build.0 = Debug|Any CPU
		{F7AA9F49-48CF-4821-8FB3-DBEB9C8A3AD0}.Release|Any CPU.ActiveCfg = Release|Any CPU
		{F7AA9F49-48CF-4821-8FB3-DBEB9C8A3AD0}.Release|Any CPU.Build.0 = Release|Any CPU
		{F7AA9F49-48CF-4821-8FB3-DBEB9C8A3AD0}.Release|x86.ActiveCfg = Release|Any CPU
		{F7AA9F49-48CF-4821-8FB3-DBEB9C8A3AD0}.Release|x86.Build.0 = Release|Any CPU
		{A927DE95-ABFA-4ECA-B117-576704E6B98C}.Debug|Any CPU.ActiveCfg = Debug|Any CPU
		{A927DE95-ABFA-4ECA-B117-576704E6B98C}.Debug|Any CPU.Build.0 = Debug|Any CPU
		{A927DE95-ABFA-4ECA-B117-576704E6B98C}.Debug|x86.ActiveCfg = Debug|Any CPU
		{A927DE95-ABFA-4ECA-B117-576704E6B98C}.Debug|x86.Build.0 = Debug|Any CPU
		{A927DE95-ABFA-4ECA-B117-576704E6B98C}.Release|Any CPU.ActiveCfg = Release|Any CPU
		{A927DE95-ABFA-4ECA-B117-576704E6B98C}.Release|Any CPU.Build.0 = Release|Any CPU
		{A927DE95-ABFA-4ECA-B117-576704E6B98C}.Release|x86.ActiveCfg = Release|Any CPU
		{A927DE95-ABFA-4ECA-B117-576704E6B98C}.Release|x86.Build.0 = Release|Any CPU
	EndGlobalSection
	GlobalSection(SolutionProperties) = preSolution
		HideSolutionNode = FALSE
	EndGlobalSection
	GlobalSection(ExtensibilityGlobals) = postSolution
		SolutionGuid = {DEA596FF-10B8-4E91-A8CD-5F7B9525333E}
	EndGlobalSection
EndGlobal
